// !$*UTF8*$!
{
	archiveVersion = 1;
	classes = {
	};
	objectVersion = 55;
	objects = {

/* Begin PBXBuildFile section */
		041FE2CA29027FA9006DFC3E /* CallDetailsVC.swift in Sources */ = {isa = PBXBuildFile; fileRef = 041FE2C929027FA9006DFC3E /* CallDetailsVC.swift */; };
		041FE2CC2902A755006DFC3E /* CurrentCallVC.swift in Sources */ = {isa = PBXBuildFile; fileRef = 041FE2CB2902A755006DFC3E /* CurrentCallVC.swift */; };
		04A86D6D29011CEA007954FB /* ContactVC.swift in Sources */ = {isa = PBXBuildFile; fileRef = 04A86D6C29011CEA007954FB /* ContactVC.swift */; };
		04A86D7129013FC7007954FB /* RecentTVC.swift in Sources */ = {isa = PBXBuildFile; fileRef = 04A86D7029013FC7007954FB /* RecentTVC.swift */; };
		04A86D73290153AA007954FB /* ContactTVC.swift in Sources */ = {isa = PBXBuildFile; fileRef = 04A86D72290153AA007954FB /* ContactTVC.swift */; };
		9B67AD5C2900064600773098 /* AppDelegate.swift in Sources */ = {isa = PBXBuildFile; fileRef = 9B67AD5B2900064600773098 /* AppDelegate.swift */; };
		9B67AD5E2900064600773098 /* SceneDelegate.swift in Sources */ = {isa = PBXBuildFile; fileRef = 9B67AD5D2900064600773098 /* SceneDelegate.swift */; };
		9B67AD602900064600773098 /* RecentVC.swift in Sources */ = {isa = PBXBuildFile; fileRef = 9B67AD5F2900064600773098 /* RecentVC.swift */; };
		9B67AD632900064600773098 /* Main.storyboard in Resources */ = {isa = PBXBuildFile; fileRef = 9B67AD612900064600773098 /* Main.storyboard */; };
		9B67AD652900064800773098 /* Assets.xcassets in Resources */ = {isa = PBXBuildFile; fileRef = 9B67AD642900064800773098 /* Assets.xcassets */; };
		9B67AD682900064800773098 /* LaunchScreen.storyboard in Resources */ = {isa = PBXBuildFile; fileRef = 9B67AD662900064800773098 /* LaunchScreen.storyboard */; };
		9B6AEDC3292303EC0073B86F /* NumberPadVC.swift in Sources */ = {isa = PBXBuildFile; fileRef = 9B6AEDC2292303EC0073B86F /* NumberPadVC.swift */; };
		9B9960F9290FA890001BEE36 /* CurrentCallCVC.swift in Sources */ = {isa = PBXBuildFile; fileRef = 9B9960F7290FA890001BEE36 /* CurrentCallCVC.swift */; };
		9B9960FA290FA890001BEE36 /* CurrentCallCVC.xib in Resources */ = {isa = PBXBuildFile; fileRef = 9B9960F8290FA890001BEE36 /* CurrentCallCVC.xib */; };
		9BFBC4C62934A2F30031668F /* FavoriteVC.swift in Sources */ = {isa = PBXBuildFile; fileRef = 9BFBC4C52934A2F30031668F /* FavoriteVC.swift */; };
		9BFBC4C82934A30B0031668F /* FavoriteTVC.swift in Sources */ = {isa = PBXBuildFile; fileRef = 9BFBC4C72934A30B0031668F /* FavoriteTVC.swift */; };
/* End PBXBuildFile section */

/* Begin PBXFileReference section */
		041FE2C929027FA9006DFC3E /* CallDetailsVC.swift */ = {isa = PBXFileReference; lastKnownFileType = sourcecode.swift; path = CallDetailsVC.swift; sourceTree = "<group>"; };
		041FE2CB2902A755006DFC3E /* CurrentCallVC.swift */ = {isa = PBXFileReference; lastKnownFileType = sourcecode.swift; path = CurrentCallVC.swift; sourceTree = "<group>"; };
		04A86D6C29011CEA007954FB /* ContactVC.swift */ = {isa = PBXFileReference; lastKnownFileType = sourcecode.swift; path = ContactVC.swift; sourceTree = "<group>"; };
		04A86D7029013FC7007954FB /* RecentTVC.swift */ = {isa = PBXFileReference; lastKnownFileType = sourcecode.swift; path = RecentTVC.swift; sourceTree = "<group>"; };
		04A86D72290153AA007954FB /* ContactTVC.swift */ = {isa = PBXFileReference; lastKnownFileType = sourcecode.swift; path = ContactTVC.swift; sourceTree = "<group>"; };
		9B67AD582900064600773098 /* TabBar.app */ = {isa = PBXFileReference; explicitFileType = wrapper.application; includeInIndex = 0; path = TabBar.app; sourceTree = BUILT_PRODUCTS_DIR; };
		9B67AD5B2900064600773098 /* AppDelegate.swift */ = {isa = PBXFileReference; lastKnownFileType = sourcecode.swift; path = AppDelegate.swift; sourceTree = "<group>"; };
		9B67AD5D2900064600773098 /* SceneDelegate.swift */ = {isa = PBXFileReference; lastKnownFileType = sourcecode.swift; path = SceneDelegate.swift; sourceTree = "<group>"; };
		9B67AD5F2900064600773098 /* RecentVC.swift */ = {isa = PBXFileReference; lastKnownFileType = sourcecode.swift; path = RecentVC.swift; sourceTree = "<group>"; };
		9B67AD622900064600773098 /* Base */ = {isa = PBXFileReference; lastKnownFileType = file.storyboard; name = Base; path = Base.lproj/Main.storyboard; sourceTree = "<group>"; };
		9B67AD642900064800773098 /* Assets.xcassets */ = {isa = PBXFileReference; lastKnownFileType = folder.assetcatalog; path = Assets.xcassets; sourceTree = "<group>"; };
		9B67AD672900064800773098 /* Base */ = {isa = PBXFileReference; lastKnownFileType = file.storyboard; name = Base; path = Base.lproj/LaunchScreen.storyboard; sourceTree = "<group>"; };
		9B67AD692900064800773098 /* Info.plist */ = {isa = PBXFileReference; lastKnownFileType = text.plist.xml; path = Info.plist; sourceTree = "<group>"; };
		9B6AEDC2292303EC0073B86F /* NumberPadVC.swift */ = {isa = PBXFileReference; lastKnownFileType = sourcecode.swift; path = NumberPadVC.swift; sourceTree = "<group>"; };
		9B9960F7290FA890001BEE36 /* CurrentCallCVC.swift */ = {isa = PBXFileReference; lastKnownFileType = sourcecode.swift; path = CurrentCallCVC.swift; sourceTree = "<group>"; };
		9B9960F8290FA890001BEE36 /* CurrentCallCVC.xib */ = {isa = PBXFileReference; lastKnownFileType = file.xib; path = CurrentCallCVC.xib; sourceTree = "<group>"; };
		9BFBC4C52934A2F30031668F /* FavoriteVC.swift */ = {isa = PBXFileReference; lastKnownFileType = sourcecode.swift; path = FavoriteVC.swift; sourceTree = "<group>"; };
		9BFBC4C72934A30B0031668F /* FavoriteTVC.swift */ = {isa = PBXFileReference; lastKnownFileType = sourcecode.swift; path = FavoriteTVC.swift; sourceTree = "<group>"; };
/* End PBXFileReference section */

/* Begin PBXFrameworksBuildPhase section */
		9B67AD552900064600773098 /* Frameworks */ = {
			isa = PBXFrameworksBuildPhase;
			buildActionMask = 2147483647;
			files = (
			);
			runOnlyForDeploymentPostprocessing = 0;
		};
/* End PBXFrameworksBuildPhase section */

/* Begin PBXGroup section */
		9B67AD4F2900064600773098 = {
			isa = PBXGroup;
			children = (
				9B67AD5A2900064600773098 /* TabBar */,
				9B67AD592900064600773098 /* Products */,
			);
			sourceTree = "<group>";
		};
		9B67AD592900064600773098 /* Products */ = {
			isa = PBXGroup;
			children = (
				9B67AD582900064600773098 /* TabBar.app */,
			);
			name = Products;
			sourceTree = "<group>";
		};
		9B67AD5A2900064600773098 /* TabBar */ = {
			isa = PBXGroup;
			children = (
				9B67AD5B2900064600773098 /* AppDelegate.swift */,
				9B67AD5D2900064600773098 /* SceneDelegate.swift */,
				9B67AD5F2900064600773098 /* RecentVC.swift */,
				9B67AD612900064600773098 /* Main.storyboard */,
				9BFBC4C52934A2F30031668F /* FavoriteVC.swift */,
				9BFBC4C72934A30B0031668F /* FavoriteTVC.swift */,
				9B6AEDC2292303EC0073B86F /* NumberPadVC.swift */,
				041FE2CB2902A755006DFC3E /* CurrentCallVC.swift */,
				9B9960F7290FA890001BEE36 /* CurrentCallCVC.swift */,
				9B9960F8290FA890001BEE36 /* CurrentCallCVC.xib */,
				041FE2C929027FA9006DFC3E /* CallDetailsVC.swift */,
				04A86D72290153AA007954FB /* ContactTVC.swift */,
				04A86D7029013FC7007954FB /* RecentTVC.swift */,
				04A86D6C29011CEA007954FB /* ContactVC.swift */,
				9B67AD642900064800773098 /* Assets.xcassets */,
				9B67AD662900064800773098 /* LaunchScreen.storyboard */,
				9B67AD692900064800773098 /* Info.plist */,
			);
			path = TabBar;
			sourceTree = "<group>";
		};
/* End PBXGroup section */

/* Begin PBXNativeTarget section */
		9B67AD572900064600773098 /* TabBar */ = {
			isa = PBXNativeTarget;
			buildConfigurationList = 9B67AD6C2900064800773098 /* Build configuration list for PBXNativeTarget "TabBar" */;
			buildPhases = (
				9B67AD542900064600773098 /* Sources */,
				9B67AD552900064600773098 /* Frameworks */,
				9B67AD562900064600773098 /* Resources */,
			);
			buildRules = (
			);
			dependencies = (
			);
			name = TabBar;
			productName = TabBar;
			productReference = 9B67AD582900064600773098 /* TabBar.app */;
			productType = "com.apple.product-type.application";
		};
/* End PBXNativeTarget section */

/* Begin PBXProject section */
		9B67AD502900064600773098 /* Project object */ = {
			isa = PBXProject;
			attributes = {
				BuildIndependentTargetsInParallel = 1;
				LastSwiftUpdateCheck = 1340;
				LastUpgradeCheck = 1340;
				TargetAttributes = {
					9B67AD572900064600773098 = {
						CreatedOnToolsVersion = 13.4.1;
					};
				};
			};
			buildConfigurationList = 9B67AD532900064600773098 /* Build configuration list for PBXProject "TabBar" */;
			compatibilityVersion = "Xcode 13.0";
			developmentRegion = en;
			hasScannedForEncodings = 0;
			knownRegions = (
				en,
				Base,
			);
			mainGroup = 9B67AD4F2900064600773098;
			productRefGroup = 9B67AD592900064600773098 /* Products */;
			projectDirPath = "";
			projectRoot = "";
			targets = (
				9B67AD572900064600773098 /* TabBar */,
			);
		};
/* End PBXProject section */

/* Begin PBXResourcesBuildPhase section */
		9B67AD562900064600773098 /* Resources */ = {
			isa = PBXResourcesBuildPhase;
			buildActionMask = 2147483647;
			files = (
				9B67AD682900064800773098 /* LaunchScreen.storyboard in Resources */,
				9B67AD652900064800773098 /* Assets.xcassets in Resources */,
				9B9960FA290FA890001BEE36 /* CurrentCallCVC.xib in Resources */,
				9B67AD632900064600773098 /* Main.storyboard in Resources */,
			);
			runOnlyForDeploymentPostprocessing = 0;
		};
/* End PBXResourcesBuildPhase section */

/* Begin PBXSourcesBuildPhase section */
		9B67AD542900064600773098 /* Sources */ = {
			isa = PBXSourcesBuildPhase;
			buildActionMask = 2147483647;
			files = (
				041FE2CC2902A755006DFC3E /* CurrentCallVC.swift in Sources */,
				9BFBC4C82934A30B0031668F /* FavoriteTVC.swift in Sources */,
				04A86D73290153AA007954FB /* ContactTVC.swift in Sources */,
				9BFBC4C62934A2F30031668F /* FavoriteVC.swift in Sources */,
				041FE2CA29027FA9006DFC3E /* CallDetailsVC.swift in Sources */,
				9B6AEDC3292303EC0073B86F /* NumberPadVC.swift in Sources */,
				9B9960F9290FA890001BEE36 /* CurrentCallCVC.swift in Sources */,
				9B67AD602900064600773098 /* RecentVC.swift in Sources */,
				04A86D7129013FC7007954FB /* RecentTVC.swift in Sources */,
				9B67AD5C2900064600773098 /* AppDelegate.swift in Sources */,
				9B67AD5E2900064600773098 /* SceneDelegate.swift in Sources */,
				04A86D6D29011CEA007954FB /* ContactVC.swift in Sources */,
			);
			runOnlyForDeploymentPostprocessing = 0;
		};
/* End PBXSourcesBuildPhase section */

/* Begin PBXVariantGroup section */
		9B67AD612900064600773098 /* Main.storyboard */ = {
			isa = PBXVariantGroup;
			children = (
				9B67AD622900064600773098 /* Base */,
			);
			name = Main.storyboard;
			sourceTree = "<group>";
		};
		9B67AD662900064800773098 /* LaunchScreen.storyboard */ = {
			isa = PBXVariantGroup;
			children = (
				9B67AD672900064800773098 /* Base */,
			);
			name = LaunchScreen.storyboard;
			sourceTree = "<group>";
		};
/* End PBXVariantGroup section */

/* Begin XCBuildConfiguration section */
		9B67AD6A2900064800773098 /* Debug */ = {
			isa = XCBuildConfiguration;
			buildSettings = {
				ALWAYS_SEARCH_USER_PATHS = NO;
				CLANG_ANALYZER_NONNULL = YES;
				CLANG_ANALYZER_NUMBER_OBJECT_CONVERSION = YES_AGGRESSIVE;
				CLANG_CXX_LANGUAGE_STANDARD = "gnu++17";
				CLANG_ENABLE_MODULES = YES;
				CLANG_ENABLE_OBJC_ARC = YES;
				CLANG_ENABLE_OBJC_WEAK = YES;
				CLANG_WARN_BLOCK_CAPTURE_AUTORELEASING = YES;
				CLANG_WARN_BOOL_CONVERSION = YES;
				CLANG_WARN_COMMA = YES;
				CLANG_WARN_CONSTANT_CONVERSION = YES;
				CLANG_WARN_DEPRECATED_OBJC_IMPLEMENTATIONS = YES;
				CLANG_WARN_DIRECT_OBJC_ISA_USAGE = YES_ERROR;
				CLANG_WARN_DOCUMENTATION_COMMENTS = YES;
				CLANG_WARN_EMPTY_BODY = YES;
				CLANG_WARN_ENUM_CONVERSION = YES;
				CLANG_WARN_INFINITE_RECURSION = YES;
				CLANG_WARN_INT_CONVERSION = YES;
				CLANG_WARN_NON_LITERAL_NULL_CONVERSION = YES;
				CLANG_WARN_OBJC_IMPLICIT_RETAIN_SELF = YES;
				CLANG_WARN_OBJC_LITERAL_CONVERSION = YES;
				CLANG_WARN_OBJC_ROOT_CLASS = YES_ERROR;
				CLANG_WARN_QUOTED_INCLUDE_IN_FRAMEWORK_HEADER = YES;
				CLANG_WARN_RANGE_LOOP_ANALYSIS = YES;
				CLANG_WARN_STRICT_PROTOTYPES = YES;
				CLANG_WARN_SUSPICIOUS_MOVE = YES;
				CLANG_WARN_UNGUARDED_AVAILABILITY = YES_AGGRESSIVE;
				CLANG_WARN_UNREACHABLE_CODE = YES;
				CLANG_WARN__DUPLICATE_METHOD_MATCH = YES;
				COPY_PHASE_STRIP = NO;
				DEBUG_INFORMATION_FORMAT = dwarf;
				ENABLE_STRICT_OBJC_MSGSEND = YES;
				ENABLE_TESTABILITY = YES;
				GCC_C_LANGUAGE_STANDARD = gnu11;
				GCC_DYNAMIC_NO_PIC = NO;
				GCC_NO_COMMON_BLOCKS = YES;
				GCC_OPTIMIZATION_LEVEL = 0;
				GCC_PREPROCESSOR_DEFINITIONS = (
					"DEBUG=1",
					"$(inherited)",
				);
				GCC_WARN_64_TO_32_BIT_CONVERSION = YES;
				GCC_WARN_ABOUT_RETURN_TYPE = YES_ERROR;
				GCC_WARN_UNDECLARED_SELECTOR = YES;
				GCC_WARN_UNINITIALIZED_AUTOS = YES_AGGRESSIVE;
				GCC_WARN_UNUSED_FUNCTION = YES;
				GCC_WARN_UNUSED_VARIABLE = YES;
				IPHONEOS_DEPLOYMENT_TARGET = 15.5;
				MTL_ENABLE_DEBUG_INFO = INCLUDE_SOURCE;
				MTL_FAST_MATH = YES;
				ONLY_ACTIVE_ARCH = YES;
				SDKROOT = iphoneos;
				SWIFT_ACTIVE_COMPILATION_CONDITIONS = DEBUG;
				SWIFT_OPTIMIZATION_LEVEL = "-Onone";
			};
			name = Debug;
		};
		9B67AD6B2900064800773098 /* Release */ = {
			isa = XCBuildConfiguration;
			buildSettings = {
				ALWAYS_SEARCH_USER_PATHS = NO;
				CLANG_ANALYZER_NONNULL = YES;
				CLANG_ANALYZER_NUMBER_OBJECT_CONVERSION = YES_AGGRESSIVE;
				CLANG_CXX_LANGUAGE_STANDARD = "gnu++17";
				CLANG_ENABLE_MODULES = YES;
				CLANG_ENABLE_OBJC_ARC = YES;
				CLANG_ENABLE_OBJC_WEAK = YES;
				CLANG_WARN_BLOCK_CAPTURE_AUTORELEASING = YES;
				CLANG_WARN_BOOL_CONVERSION = YES;
				CLANG_WARN_COMMA = YES;
				CLANG_WARN_CONSTANT_CONVERSION = YES;
				CLANG_WARN_DEPRECATED_OBJC_IMPLEMENTATIONS = YES;
				CLANG_WARN_DIRECT_OBJC_ISA_USAGE = YES_ERROR;
				CLANG_WARN_DOCUMENTATION_COMMENTS = YES;
				CLANG_WARN_EMPTY_BODY = YES;
				CLANG_WARN_ENUM_CONVERSION = YES;
				CLANG_WARN_INFINITE_RECURSION = YES;
				CLANG_WARN_INT_CONVERSION = YES;
				CLANG_WARN_NON_LITERAL_NULL_CONVERSION = YES;
				CLANG_WARN_OBJC_IMPLICIT_RETAIN_SELF = YES;
				CLANG_WARN_OBJC_LITERAL_CONVERSION = YES;
				CLANG_WARN_OBJC_ROOT_CLASS = YES_ERROR;
				CLANG_WARN_QUOTED_INCLUDE_IN_FRAMEWORK_HEADER = YES;
				CLANG_WARN_RANGE_LOOP_ANALYSIS = YES;
				CLANG_WARN_STRICT_PROTOTYPES = YES;
				CLANG_WARN_SUSPICIOUS_MOVE = YES;
				CLANG_WARN_UNGUARDED_AVAILABILITY = YES_AGGRESSIVE;
				CLANG_WARN_UNREACHABLE_CODE = YES;
				CLANG_WARN__DUPLICATE_METHOD_MATCH = YES;
				COPY_PHASE_STRIP = NO;
				DEBUG_INFORMATION_FORMAT = "dwarf-with-dsym";
				ENABLE_NS_ASSERTIONS = NO;
				ENABLE_STRICT_OBJC_MSGSEND = YES;
				GCC_C_LANGUAGE_STANDARD = gnu11;
				GCC_NO_COMMON_BLOCKS = YES;
				GCC_WARN_64_TO_32_BIT_CONVERSION = YES;
				GCC_WARN_ABOUT_RETURN_TYPE = YES_ERROR;
				GCC_WARN_UNDECLARED_SELECTOR = YES;
				GCC_WARN_UNINITIALIZED_AUTOS = YES_AGGRESSIVE;
				GCC_WARN_UNUSED_FUNCTION = YES;
				GCC_WARN_UNUSED_VARIABLE = YES;
				IPHONEOS_DEPLOYMENT_TARGET = 15.5;
				MTL_ENABLE_DEBUG_INFO = NO;
				MTL_FAST_MATH = YES;
				SDKROOT = iphoneos;
				SWIFT_COMPILATION_MODE = wholemodule;
				SWIFT_OPTIMIZATION_LEVEL = "-O";
				VALIDATE_PRODUCT = YES;
			};
			name = Release;
		};
		9B67AD6D2900064800773098 /* Debug */ = {
			isa = XCBuildConfiguration;
			buildSettings = {
				ASSETCATALOG_COMPILER_APPICON_NAME = AppIcon;
				ASSETCATALOG_COMPILER_GLOBAL_ACCENT_COLOR_NAME = AccentColor;
				CODE_SIGN_STYLE = Automatic;
				CURRENT_PROJECT_VERSION = 1;
				GENERATE_INFOPLIST_FILE = YES;
				INFOPLIST_FILE = TabBar/Info.plist;
				INFOPLIST_KEY_UIApplicationSupportsIndirectInputEvents = YES;
				INFOPLIST_KEY_UILaunchStoryboardName = LaunchScreen;
				INFOPLIST_KEY_UIMainStoryboardFile = Main;
				INFOPLIST_KEY_UISupportedInterfaceOrientations_iPad = "UIInterfaceOrientationPortrait UIInterfaceOrientationPortraitUpsideDown UIInterfaceOrientationLandscapeLeft UIInterfaceOrientationLandscapeRight";
				INFOPLIST_KEY_UISupportedInterfaceOrientations_iPhone = "UIInterfaceOrientationPortrait UIInterfaceOrientationLandscapeLeft UIInterfaceOrientationLandscapeRight";
				LD_RUNPATH_SEARCH_PATHS = (
					"$(inherited)",
					"@executable_path/Frameworks",
				);
				MARKETING_VERSION = 1.0;
				PRODUCT_BUNDLE_IDENTIFIER = com.TabBar;
				PRODUCT_NAME = "$(TARGET_NAME)";
				SWIFT_EMIT_LOC_STRINGS = YES;
				SWIFT_VERSION = 5.0;
				TARGETED_DEVICE_FAMILY = "1,2";
			};
			name = Debug;
		};
		9B67AD6E2900064800773098 /* Release */ = {
			isa = XCBuildConfiguration;
			buildSettings = {
				ASSETCATALOG_COMPILER_APPICON_NAME = AppIcon;
				ASSETCATALOG_COMPILER_GLOBAL_ACCENT_COLOR_NAME = AccentColor;
				CODE_SIGN_STYLE = Automatic;
				CURRENT_PROJECT_VERSION = 1;
				GENERATE_INFOPLIST_FILE = YES;
				INFOPLIST_FILE = TabBar/Info.plist;
				INFOPLIST_KEY_UIApplicationSupportsIndirectInputEvents = YES;
				INFOPLIST_KEY_UILaunchStoryboardName = LaunchScreen;
				INFOPLIST_KEY_UIMainStoryboardFile = Main;
				INFOPLIST_KEY_UISupportedInterfaceOrientations_iPad = "UIInterfaceOrientationPortrait UIInterfaceOrientationPortraitUpsideDown UIInterfaceOrientationLandscapeLeft UIInterfaceOrientationLandscapeRight";
				INFOPLIST_KEY_UISupportedInterfaceOrientations_iPhone = "UIInterfaceOrientationPortrait UIInterfaceOrientationLandscapeLeft UIInterfaceOrientationLandscapeRight";
				LD_RUNPATH_SEARCH_PATHS = (
					"$(inherited)",
					"@executable_path/Frameworks",
				);
				MARKETING_VERSION = 1.0;
				PRODUCT_BUNDLE_IDENTIFIER = com.TabBar;
				PRODUCT_NAME = "$(TARGET_NAME)";
				SWIFT_EMIT_LOC_STRINGS = YES;
				SWIFT_VERSION = 5.0;
				TARGETED_DEVICE_FAMILY = "1,2";
			};
			name = Release;
		};
/* End XCBuildConfiguration section */

/* Begin XCConfigurationList section */
		9B67AD532900064600773098 /* Build configuration list for PBXProject "TabBar" */ = {
			isa = XCConfigurationList;
			buildConfigurations = (
				9B67AD6A2900064800773098 /* Debug */,
				9B67AD6B2900064800773098 /* Release */,
			);
			defaultConfigurationIsVisible = 0;
			defaultConfigurationName = Release;
		};
		9B67AD6C2900064800773098 /* Build configuration list for PBXNativeTarget "TabBar" */ = {
			isa = XCConfigurationList;
			buildConfigurations = (
				9B67AD6D2900064800773098 /* Debug */,
				9B67AD6E2900064800773098 /* Release */,
			);
			defaultConfigurationIsVisible = 0;
			defaultConfigurationName = Release;
		};
/* End XCConfigurationList section */
	};
	rootObject = 9B67AD502900064600773098 /* Project object */;
}
